{
    "hash": "1580c1c230a5e9d9829869ec71835d82",
    "packages": [
        {
            "name": "bolt80/stupidhttp",
            "version": "v0.2.0",
            "source": {
                "type": "git",
                "url": "https://github.com/ludovicchabant/StupidHttp",
                "reference": "v0.2.0"
            },
            "dist": {
                "type": "zip",
                "url": "https://github.com/ludovicchabant/StupidHttp/zipball/v0.2.0",
                "reference": "v0.2.0",
                "shasum": ""
            },
            "require": {
                "php": ">= 5.3.0"
            },
            "type": "library",
            "autoload": {
                "psr-0": {
                    "StupidHttp_": "lib"
                }
            },
            "license": [
                "Apache-2.0"
            ],
            "authors": [
                {
                    "name": "Ludovic Chabant",
                    "homepage": "http://ludovic.chabant.com"
                }
            ],
            "description": "A stupid and simple development HTTP server.",
            "homepage": "http://bolt80.com/stupidhttp",
            "keywords": [
                "http",
                "net",
                "server",
                "web"
            ]
        },
        {
            "name": "geshi/geshi",
            "version": "1.0.8.10",
            "dist": {
                "type": "zip",
                "url": "http://sourceforge.net/projects/geshi/files/geshi/GeSHi%201.0.8.10/GeSHi-1.0.8.10.zip/download",
                "reference": null,
                "shasum": null
            },
            "type": "library",
            "autoload": {
                "classmap": [
                    "geshi.php"
                ]
            }
        },
        {
            "name": "lessphp/lessphp",
            "version": "0.3.4",
            "dist": {
                "type": "zip",
                "url": "https://github.com/leafo/lessphp/zipball/v0.3.4-2",
                "reference": null,
                "shasum": null
            },
            "type": "library",
            "autoload": {
                "classmap": [
                    "lessc.inc.php",
                    "lessify.inc.php"
                ]
            }
        },
        {
            "name": "markdown/markdown",
            "version": "1.0",
            "dist": {
                "type": "zip",
                "url": "https://github.com/michelf/php-markdown/zipball/master",
                "reference": null,
                "shasum": null
            },
            "type": "library"
        },
        {
            "name": "markdown/markdown-extra",
            "version": "1.0",
            "dist": {
                "type": "zip",
                "url": "https://github.com/michelf/php-markdown/zipball/extra",
                "reference": null,
                "shasum": null
            },
            "type": "library"
        },
        {
            "name": "mikey179/vfsStream",
            "version": "v1.1.0",
            "source": {
                "type": "git",
                "url": "https://github.com/mikey179/vfsStream",
                "reference": "v1.1.0"
            },
            "dist": {
                "type": "zip",
                "url": "https://github.com/mikey179/vfsStream/zipball/v1.1.0",
                "reference": "v1.1.0",
                "shasum": ""
            },
            "require": {
                "php": ">=5.3.0"
            },
            "type": "library",
            "autoload": {
                "psr-0": {
                    "org\\bovigo\\vfs": "src/main/php"
                }
            },
            "license": [
                "BSD"
            ],
            "homepage": "http://vfs.bovigo.org/"
        },
        {
            "name": "mustache/mustache",
            "version": "1.1.0",
            "dist": {
                "type": "zip",
                "url": "https://github.com/bobthecow/mustache.php/zipball/v1.1.0",
                "reference": null,
                "shasum": null
            },
            "type": "library",
            "autoload": {
                "classmap": [
                    "Mustache.php",
                    "MustacheLoader.php"
                ]
            }
        },
        {
            "name": "pear/Console_Color2",
            "version": "0.1.2",
            "source": {
                "type": "git",
                "url": "https://github.com/pear/Console_Color2",
                "reference": "0.1.2"
            },
            "dist": {
                "type": "zip",
                "url": "https://github.com/pear/Console_Color2/zipball/0.1.2",
                "reference": "0.1.2",
                "shasum": ""
            },
            "require": {
                "php": ">=5.0.0"
            },
            "type": "library",
            "autoload": {
                "psr-0": {
                    "Console_Color2": ""
                }
            },
            "notification-url": "http://packagist.org/downloads/",
            "license": [
                "MIT"
            ],
            "authors": [
                {
                    "name": "Daniel O'Connor",
                    "email": "daniel.oconnor@gmail.com"
                },
                {
                    "name": "Stefan Walk",
                    "email": "et@php.net"
                },
                {
                    "name": "Scott Mattocks",
                    "email": "scottmattocks@php.net"
                }
            ],
            "description": "This Class allows you to easily use ANSI console colors in your application.",
            "homepage": "https://github.com/pear/Console_Color2",
            "keywords": [
                "console"
            ],
            "time": "2012-10-23 04:52:18"
        },
        {
            "name": "smartypants/smartypants",
            "version": "1.0",
            "dist": {
                "type": "zip",
                "url": "https://github.com/michelf/php-smartypants/zipball/master",
                "reference": null,
                "shasum": null
            },
            "type": "library"
        },
        {
            "name": "smartypants/smartypants-typographer",
            "version": "1.0",
            "dist": {
                "type": "zip",
                "url": "https://github.com/michelf/php-smartypants/zipball/typo",
                "reference": null,
                "shasum": null
            },
            "type": "library"
        },
        {
            "name": "symfony/yaml",
            "version": "v2.0.14",
            "target-dir": "Symfony/Component/Yaml",
            "source": {
                "type": "git",
                "url": "https://github.com/symfony/Yaml",
                "reference": "v2.0.14"
            },
            "dist": {
                "type": "zip",
                "url": "https://github.com/symfony/Yaml/zipball/v2.0.14",
                "reference": "v2.0.14",
                "shasum": ""
            },
            "require": {
                "php": ">=5.3.2"
            },
            "type": "library",
            "autoload": {
                "psr-0": {
                    "Symfony\\Component\\Yaml": ""
                }
            },
            "license": [
                "MIT"
            ],
            "authors": [
                {
                    "name": "Fabien Potencier",
                    "email": "fabien@symfony.com",
                    "homepage": null,
                    "role": null
                },
                {
                    "name": "Symfony Community",
                    "email": null,
                    "homepage": "http://symfony.com/contributors",
                    "role": null
                }
            ],
            "description": "Symfony Yaml Component",
            "homepage": "http://symfony.com"
        },
        {
            "name": "textile/textile",
            "version": "2.0.0",
            "dist": {
                "type": "zip",
                "url": "http://textile.thresholdstate.com/file_download/1/textile-2.0.0.zip",
                "reference": null,
                "shasum": null
            },
            "type": "library",
            "autoload": {
                "classmap": [
                    "classTextile.php"
                ]
            }
        },
        {
            "name": "twig/twig",
            "version": "v1.8.1",
            "source": {
                "type": "git",
                "url": "git://github.com/fabpot/Twig.git",
                "reference": "v1.8.1"
            },
            "dist": {
                "type": "zip",
                "url": "https://github.com/fabpot/Twig/zipball/v1.8.1",
                "reference": "v1.8.1",
                "shasum": ""
            },
            "require": {
                "php": ">=5.2.4"
            },
            "type": "library",
            "extra": {
                "branch-alias": {
                    "dev-master": "1.8-dev"
                }
            },
            "autoload": {
                "psr-0": {
                    "Twig_": "lib/"
                }
            },
            "license": [
                "BSD-3"
            ],
            "authors": [
                {
                    "name": "Fabien Potencier",
                    "email": "fabien@symfony.com",
                    "homepage": null,
                    "role": null
                },
                {
                    "name": "Armin Ronacher",
                    "email": "armin.ronacher@active-4.com",
                    "homepage": null,
                    "role": null
                }
            ],
            "description": "Twig, the flexible, fast, and secure template language for PHP",
            "homepage": "http://twig.sensiolabs.org",
            "keywords": [
                "templating"
            ]
        }
    ],
    "packages-dev": null,
    "aliases": [

    ],
    "minimum-stability": "stable",
    "stability-flags": [

    ]
}
