{
    "hash": "b05add34bbe0aadd8ea974b5195c6ee9",
    "packages": [
        {
            "package": "mikey179/vfsStream",
            "version": "v1.0.0-beta5"
        }
    ],
    "packages-dev": null,
    "aliases": [

    ],
    "minimum-stability": "dev",
    "stability-flags": {
        "mikey179/vfsstream": 10
    }
}
